
Microsoft Visual Studio Solution File, Format Version 12.00
# Visual Studio Version 16
VisualStudioVersion = 16.0.32802.440
MinimumVisualStudioVersion = 10.0.40219.1
Project("{FAE04EC0-301F-11D3-BF4B-00C04F79EFBC}") = "Park_Easy", "Park_Easy.csproj", "{49E0D60B-CB1B-4487-91CA-2BD5E9FD4EC8}"
EndProject
Global
	GlobalSection(SolutionConfigurationPlatforms) = preSolution
		Debug|Any CPU = Debug|Any CPU
		Release|Any CPU = Release|Any CPU
	EndGlobalSection
	GlobalSection(ProjectConfigurationPlatforms) = postSolution
		{49E0D60B-CB1B-4487-91CA-2BD5E9FD4EC8}.Debug|Any CPU.ActiveCfg = Debug|Any CPU
		{49E0D60B-CB1B-4487-91CA-2BD5E9FD4EC8}.Debug|Any CPU.Build.0 = Debug|Any CPU
		{49E0D60B-CB1B-4487-91CA-2BD5E9FD4EC8}.Release|Any CPU.ActiveCfg = Release|Any CPU
		{49E0D60B-CB1B-4487-91CA-2BD5E9FD4EC8}.Release|Any CPU.Build.0 = Release|Any CPU
	EndGlobalSection
	GlobalSection(SolutionProperties) = preSolution
		HideSolutionNode = FALSE
	EndGlobalSection
	GlobalSection(ExtensibilityGlobals) = postSolution
		SolutionGuid = {A55EC5C5-E068-4080-B6E6-4983310F1B4F}
	EndGlobalSection
EndGlobal
